
Microsoft Visual Studio Solution File, Format Version 12.00
# Visual Studio Version 16
VisualStudioVersion = 16.0.29025.244
MinimumVisualStudioVersion = 10.0.40219.1
Project("{2150E333-8FDC-42A3-9474-1A3956D46DE8}") = "src", "src", "{E12DAFB7-1E0E-4B9F-A997-22F0896ADD0F}"
EndProject
Project("{2150E333-8FDC-42A3-9474-1A3956D46DE8}") = "tests", "tests", "{F7EF30FE-9BFD-4EA1-838C-F3D505AB3CD8}"
EndProject
Project("{2150E333-8FDC-42A3-9474-1A3956D46DE8}") = "Solution Items", "Solution Items", "{0170E9EB-0F33-45E0-AF6A-7D964F25E73F}"
	ProjectSection(SolutionItems) = preProject
		.editorconfig = .editorconfig
		.gitattributes = .gitattributes
		.gitignore = .gitignore
		ImageProcessor.ruleset = ImageProcessor.ruleset
		README.md = README.md
		stylecop.json = stylecop.json
	EndProjectSection
EndProject
Project("{2150E333-8FDC-42A3-9474-1A3956D46DE8}") = ".NetCore", ".NetCore", "{F4EBF197-66DE-4822-94EB-910097295FB7}"
EndProject
Project("{9A19103F-16F7-4668-BE54-9A1E7A4F7556}") = "ImageProcessor.NetCore", "src\ImageProcessor\ImageProcessor.NetCore.csproj", "{4E87679D-7F94-483B-B5FE-8ECBBA6A6991}"
EndProject
Project("{9A19103F-16F7-4668-BE54-9A1E7A4F7556}") = "ImageProcessor.Plugins.WebP.NetCore", "src\ImageProcessor.Plugins.WebP\ImageProcessor.Plugins.WebP.NetCore.csproj", "{F6266AFB-0266-44B3-B7B8-0E5C5C3A84B5}"
EndProject
Project("{9A19103F-16F7-4668-BE54-9A1E7A4F7556}") = "ImageProcessor.Test.Core", "tests\ImageProcessor.Tests\ImageProcessor.Test.Core.csproj", "{F64B7E6A-F4E0-4510-89D2-7D4504E10B47}"
EndProject
Global
	GlobalSection(SolutionConfigurationPlatforms) = preSolution
		Debug|Any CPU = Debug|Any CPU
		Release|Any CPU = Release|Any CPU
	EndGlobalSection
	GlobalSection(ProjectConfigurationPlatforms) = postSolution
		{4E87679D-7F94-483B-B5FE-8ECBBA6A6991}.Debug|Any CPU.ActiveCfg = Debug|Any CPU
		{4E87679D-7F94-483B-B5FE-8ECBBA6A6991}.Debug|Any CPU.Build.0 = Debug|Any CPU
		{4E87679D-7F94-483B-B5FE-8ECBBA6A6991}.Release|Any CPU.ActiveCfg = Release|Any CPU
		{4E87679D-7F94-483B-B5FE-8ECBBA6A6991}.Release|Any CPU.Build.0 = Release|Any CPU
		{F6266AFB-0266-44B3-B7B8-0E5C5C3A84B5}.Debug|Any CPU.ActiveCfg = Debug|Any CPU
		{F6266AFB-0266-44B3-B7B8-0E5C5C3A84B5}.Debug|Any CPU.Build.0 = Debug|Any CPU
		{F6266AFB-0266-44B3-B7B8-0E5C5C3A84B5}.Release|Any CPU.ActiveCfg = Release|Any CPU
		{F6266AFB-0266-44B3-B7B8-0E5C5C3A84B5}.Release|Any CPU.Build.0 = Release|Any CPU
		{F64B7E6A-F4E0-4510-89D2-7D4504E10B47}.Debug|Any CPU.ActiveCfg = Debug|Any CPU
		{F64B7E6A-F4E0-4510-89D2-7D4504E10B47}.Debug|Any CPU.Build.0 = Debug|Any CPU
		{F64B7E6A-F4E0-4510-89D2-7D4504E10B47}.Release|Any CPU.ActiveCfg = Release|Any CPU
		{F64B7E6A-F4E0-4510-89D2-7D4504E10B47}.Release|Any CPU.Build.0 = Release|Any CPU
	EndGlobalSection
	GlobalSection(SolutionProperties) = preSolution
		HideSolutionNode = FALSE
	EndGlobalSection
	GlobalSection(NestedProjects) = preSolution
		{F4EBF197-66DE-4822-94EB-910097295FB7} = {E12DAFB7-1E0E-4B9F-A997-22F0896ADD0F}
		{4E87679D-7F94-483B-B5FE-8ECBBA6A6991} = {F4EBF197-66DE-4822-94EB-910097295FB7}
		{F6266AFB-0266-44B3-B7B8-0E5C5C3A84B5} = {F4EBF197-66DE-4822-94EB-910097295FB7}
		{F64B7E6A-F4E0-4510-89D2-7D4504E10B47} = {F7EF30FE-9BFD-4EA1-838C-F3D505AB3CD8}
	EndGlobalSection
	GlobalSection(ExtensibilityGlobals) = postSolution
		SolutionGuid = {5D838DCC-759C-4EB1-9DD5-FF87A299A6D5}
	EndGlobalSection
EndGlobal
